
Microsoft Visual Studio Solution File, Format Version 12.00
# Visual Studio Version 16
VisualStudioVersion = 16.0.30804.86
MinimumVisualStudioVersion = 10.0.40219.1
Project("{FAE04EC0-301F-11D3-BF4B-00C04F79EFBC}") = "ScaffoldExampleConsole", "ScaffoldExampleConsole\ScaffoldExampleConsole.csproj", "{94A1B17F-1A1F-420F-A08C-C97EDC94839D}"
EndProject
Global
	GlobalSection(SolutionConfigurationPlatforms) = preSolution
		Debug|Any CPU = Debug|Any CPU
		Release|Any CPU = Release|Any CPU
	EndGlobalSection
	GlobalSection(ProjectConfigurationPlatforms) = postSolution
		{94A1B17F-1A1F-420F-A08C-C97EDC94839D}.Debug|Any CPU.ActiveCfg = Debug|Any CPU
		{94A1B17F-1A1F-420F-A08C-C97EDC94839D}.Debug|Any CPU.Build.0 = Debug|Any CPU
		{94A1B17F-1A1F-420F-A08C-C97EDC94839D}.Release|Any CPU.ActiveCfg = Release|Any CPU
		{94A1B17F-1A1F-420F-A08C-C97EDC94839D}.Release|Any CPU.Build.0 = Release|Any CPU
	EndGlobalSection
	GlobalSection(SolutionProperties) = preSolution
		HideSolutionNode = FALSE
	EndGlobalSection
	GlobalSection(ExtensibilityGlobals) = postSolution
		SolutionGuid = {A8AE3E18-1C66-4718-A087-34583A0B9C48}
	EndGlobalSection
EndGlobal
